
Microsoft Visual Studio Solution File, Format Version 12.00
# Visual Studio Version 17
VisualStudioVersion = 17.11.35327.3
MinimumVisualStudioVersion = 10.0.40219.1
Project("{FAE04EC0-301F-11D3-BF4B-00C04F79EFBC}") = "clase3", "clase3\clase3.csproj", "{00CEA469-4EDB-48AC-A37D-EDF2190B7ABC}"
EndProject
Global
	GlobalSection(SolutionConfigurationPlatforms) = preSolution
		Debug|Any CPU = Debug|Any CPU
		Release|Any CPU = Release|Any CPU
	EndGlobalSection
	GlobalSection(ProjectConfigurationPlatforms) = postSolution
		{00CEA469-4EDB-48AC-A37D-EDF2190B7ABC}.Debug|Any CPU.ActiveCfg = Debug|Any CPU
		{00CEA469-4EDB-48AC-A37D-EDF2190B7ABC}.Debug|Any CPU.Build.0 = Debug|Any CPU
		{00CEA469-4EDB-48AC-A37D-EDF2190B7ABC}.Release|Any CPU.ActiveCfg = Release|Any CPU
		{00CEA469-4EDB-48AC-A37D-EDF2190B7ABC}.Release|Any CPU.Build.0 = Release|Any CPU
	EndGlobalSection
	GlobalSection(SolutionProperties) = preSolution
		HideSolutionNode = FALSE
	EndGlobalSection
	GlobalSection(ExtensibilityGlobals) = postSolution
		SolutionGuid = {702A75DF-C79F-4DC5-866D-90929BDD1557}
	EndGlobalSection
EndGlobal
